// !$*UTF8*$!
{
	archiveVersion = 1;
	classes = {
	};
	objectVersion = 46;
	objects = {

/* Begin PBXBuildFile section */
		B85335091E162BDB00F7A4DF /* main.m in Sources */ = {isa = PBXBuildFile; fileRef = B85335081E162BDB00F7A4DF /* main.m */; };
		B853350C1E162BDB00F7A4DF /* AppDelegate.m in Sources */ = {isa = PBXBuildFile; fileRef = B853350B1E162BDB00F7A4DF /* AppDelegate.m */; };
		B853350F1E162BDB00F7A4DF /* ViewController.m in Sources */ = {isa = PBXBuildFile; fileRef = B853350E1E162BDB00F7A4DF /* ViewController.m */; };
		B85335121E162BDB00F7A4DF /* Main.storyboard in Resources */ = {isa = PBXBuildFile; fileRef = B85335101E162BDB00F7A4DF /* Main.storyboard */; };
		B85335141E162BDB00F7A4DF /* Assets.xcassets in Resources */ = {isa = PBXBuildFile; fileRef = B85335131E162BDB00F7A4DF /* Assets.xcassets */; };
		B85335171E162BDB00F7A4DF /* LaunchScreen.storyboard in Resources */ = {isa = PBXBuildFile; fileRef = B85335151E162BDB00F7A4DF /* LaunchScreen.storyboard */; };
		B85335481E1642BE00F7A4DF /* AViewController.m in Sources */ = {isa = PBXBuildFile; fileRef = B85335471E1642BE00F7A4DF /* AViewController.m */; };
		B853354D1E16434B00F7A4DF /* Target_A.m in Sources */ = {isa = PBXBuildFile; fileRef = B853354C1E16434B00F7A4DF /* Target_A.m */; };
		C066DB7ACD03C5F9EBD346D8 /* libPods-A.a in Frameworks */ = {isa = PBXBuildFile; fileRef = 3418CB922BDF687548C3EC40 /* libPods-A.a */; };
/* End PBXBuildFile section */

/* Begin PBXFileReference section */
		3418CB922BDF687548C3EC40 /* libPods-A.a */ = {isa = PBXFileReference; explicitFileType = archive.ar; includeInIndex = 0; path = "libPods-A.a"; sourceTree = BUILT_PRODUCTS_DIR; };
		6C09DF65EF42BCB686F6C3E9 /* Pods-A.debug.xcconfig */ = {isa = PBXFileReference; includeInIndex = 1; lastKnownFileType = text.xcconfig; name = "Pods-A.debug.xcconfig"; path = "Pods/Target Support Files/Pods-A/Pods-A.debug.xcconfig"; sourceTree = "<group>"; };
		B85335041E162BDB00F7A4DF /* A.app */ = {isa = PBXFileReference; explicitFileType = wrapper.application; includeInIndex = 0; path = A.app; sourceTree = BUILT_PRODUCTS_DIR; };
		B85335081E162BDB00F7A4DF /* main.m */ = {isa = PBXFileReference; lastKnownFileType = sourcecode.c.objc; path = main.m; sourceTree = "<group>"; };
		B853350A1E162BDB00F7A4DF /* AppDelegate.h */ = {isa = PBXFileReference; lastKnownFileType = sourcecode.c.h; path = AppDelegate.h; sourceTree = "<group>"; };
		B853350B1E162BDB00F7A4DF /* AppDelegate.m */ = {isa = PBXFileReference; lastKnownFileType = sourcecode.c.objc; path = AppDelegate.m; sourceTree = "<group>"; };
		B853350D1E162BDB00F7A4DF /* ViewController.h */ = {isa = PBXFileReference; lastKnownFileType = sourcecode.c.h; path = ViewController.h; sourceTree = "<group>"; };
		B853350E1E162BDB00F7A4DF /* ViewController.m */ = {isa = PBXFileReference; lastKnownFileType = sourcecode.c.objc; path = ViewController.m; sourceTree = "<group>"; };
		B85335111E162BDB00F7A4DF /* Base */ = {isa = PBXFileReference; lastKnownFileType = file.storyboard; name = Base; path = Base.lproj/Main.storyboard; sourceTree = "<group>"; };
		B85335131E162BDB00F7A4DF /* Assets.xcassets */ = {isa = PBXFileReference; lastKnownFileType = folder.assetcatalog; path = Assets.xcassets; sourceTree = "<group>"; };
		B85335161E162BDB00F7A4DF /* Base */ = {isa = PBXFileReference; lastKnownFileType = file.storyboard; name = Base; path = Base.lproj/LaunchScreen.storyboard; sourceTree = "<group>"; };
		B85335181E162BDB00F7A4DF /* Info.plist */ = {isa = PBXFileReference; lastKnownFileType = text.plist.xml; path = Info.plist; sourceTree = "<group>"; };
		B85335461E1642BE00F7A4DF /* AViewController.h */ = {isa = PBXFileReference; fileEncoding = 4; lastKnownFileType = sourcecode.c.h; path = AViewController.h; sourceTree = "<group>"; };
		B85335471E1642BE00F7A4DF /* AViewController.m */ = {isa = PBXFileReference; fileEncoding = 4; lastKnownFileType = sourcecode.c.objc; path = AViewController.m; sourceTree = "<group>"; };
		B853354B1E16434B00F7A4DF /* Target_A.h */ = {isa = PBXFileReference; fileEncoding = 4; lastKnownFileType = sourcecode.c.h; path = Target_A.h; sourceTree = "<group>"; };
		B853354C1E16434B00F7A4DF /* Target_A.m */ = {isa = PBXFileReference; fileEncoding = 4; lastKnownFileType = sourcecode.c.objc; path = Target_A.m; sourceTree = "<group>"; };
		FB815BF8FCC27140703CF587 /* Pods-A.release.xcconfig */ = {isa = PBXFileReference; includeInIndex = 1; lastKnownFileType = text.xcconfig; name = "Pods-A.release.xcconfig"; path = "Pods/Target Support Files/Pods-A/Pods-A.release.xcconfig"; sourceTree = "<group>"; };
/* End PBXFileReference section */

/* Begin PBXFrameworksBuildPhase section */
		B85335011E162BDA00F7A4DF /* Frameworks */ = {
			isa = PBXFrameworksBuildPhase;
			buildActionMask = 2147483647;
			files = (
				C066DB7ACD03C5F9EBD346D8 /* libPods-A.a in Frameworks */,
			);
			runOnlyForDeploymentPostprocessing = 0;
		};
/* End PBXFrameworksBuildPhase section */

/* Begin PBXGroup section */
		560A92C22026E83E7E324200 /* Frameworks */ = {
			isa = PBXGroup;
			children = (
				3418CB922BDF687548C3EC40 /* libPods-A.a */,
			);
			name = Frameworks;
			sourceTree = "<group>";
		};
		B85334FB1E162BDA00F7A4DF = {
			isa = PBXGroup;
			children = (
				B85335061E162BDB00F7A4DF /* A */,
				B85335051E162BDB00F7A4DF /* Products */,
				E92B13FC3162ABD056D8E7E2 /* Pods */,
				560A92C22026E83E7E324200 /* Frameworks */,
			);
			sourceTree = "<group>";
		};
		B85335051E162BDB00F7A4DF /* Products */ = {
			isa = PBXGroup;
			children = (
				B85335041E162BDB00F7A4DF /* A.app */,
			);
			name = Products;
			sourceTree = "<group>";
		};
		B85335061E162BDB00F7A4DF /* A */ = {
			isa = PBXGroup;
			children = (
				B853354A1E16433600F7A4DF /* Targets */,
				B85335451E1642BE00F7A4DF /* A */,
				B853350A1E162BDB00F7A4DF /* AppDelegate.h */,
				B853350B1E162BDB00F7A4DF /* AppDelegate.m */,
				B853350D1E162BDB00F7A4DF /* ViewController.h */,
				B853350E1E162BDB00F7A4DF /* ViewController.m */,
				B85335101E162BDB00F7A4DF /* Main.storyboard */,
				B85335131E162BDB00F7A4DF /* Assets.xcassets */,
				B85335151E162BDB00F7A4DF /* LaunchScreen.storyboard */,
				B85335181E162BDB00F7A4DF /* Info.plist */,
				B85335071E162BDB00F7A4DF /* Supporting Files */,
			);
			path = A;
			sourceTree = "<group>";
		};
		B85335071E162BDB00F7A4DF /* Supporting Files */ = {
			isa = PBXGroup;
			children = (
				B85335081E162BDB00F7A4DF /* main.m */,
			);
			name = "Supporting Files";
			sourceTree = "<group>";
		};
		B85335451E1642BE00F7A4DF /* A */ = {
			isa = PBXGroup;
			children = (
				B85335461E1642BE00F7A4DF /* AViewController.h */,
				B85335471E1642BE00F7A4DF /* AViewController.m */,
			);
			path = A;
			sourceTree = "<group>";
		};
		B853354A1E16433600F7A4DF /* Targets */ = {
			isa = PBXGroup;
			children = (
				B853354B1E16434B00F7A4DF /* Target_A.h */,
				B853354C1E16434B00F7A4DF /* Target_A.m */,
			);
			path = Targets;
			sourceTree = "<group>";
		};
		E92B13FC3162ABD056D8E7E2 /* Pods */ = {
			isa = PBXGroup;
			children = (
				6C09DF65EF42BCB686F6C3E9 /* Pods-A.debug.xcconfig */,
				FB815BF8FCC27140703CF587 /* Pods-A.release.xcconfig */,
			);
			name = Pods;
			sourceTree = "<group>";
		};
/* End PBXGroup section */

/* Begin PBXNativeTarget section */
		B85335031E162BDA00F7A4DF /* A */ = {
			isa = PBXNativeTarget;
			buildConfigurationList = B853351B1E162BDB00F7A4DF /* Build configuration list for PBXNativeTarget "A" */;
			buildPhases = (
				4B779AB4185CC566739BE0A1 /* [CP] Check Pods Manifest.lock */,
				B85335001E162BDA00F7A4DF /* Sources */,
				B85335011E162BDA00F7A4DF /* Frameworks */,
				B85335021E162BDA00F7A4DF /* Resources */,
				991789B00AB0A07B86919556 /* [CP] Embed Pods Frameworks */,
				F7C23FD4ED9DF4F43D267D64 /* [CP] Copy Pods Resources */,
			);
			buildRules = (
			);
			dependencies = (
			);
			name = A;
			productName = A;
			productReference = B85335041E162BDB00F7A4DF /* A.app */;
			productType = "com.apple.product-type.application";
		};
/* End PBXNativeTarget section */

/* Begin PBXProject section */
		B85334FC1E162BDA00F7A4DF /* Project object */ = {
			isa = PBXProject;
			attributes = {
				LastUpgradeCheck = 0810;
				ORGANIZATIONNAME = zn;
				TargetAttributes = {
					B85335031E162BDA00F7A4DF = {
						CreatedOnToolsVersion = 8.1;
						DevelopmentTeam = P3X9QBJTC2;
						ProvisioningStyle = Automatic;
					};
				};
			};
			buildConfigurationList = B85334FF1E162BDA00F7A4DF /* Build configuration list for PBXProject "A" */;
			compatibilityVersion = "Xcode 3.2";
			developmentRegion = English;
			hasScannedForEncodings = 0;
			knownRegions = (
				en,
				Base,
			);
			mainGroup = B85334FB1E162BDA00F7A4DF;
			productRefGroup = B85335051E162BDB00F7A4DF /* Products */;
			projectDirPath = "";
			projectRoot = "";
			targets = (
				B85335031E162BDA00F7A4DF /* A */,
			);
		};
/* End PBXProject section */

/* Begin PBXResourcesBuildPhase section */
		B85335021E162BDA00F7A4DF /* Resources */ = {
			isa = PBXResourcesBuildPhase;
			buildActionMask = 2147483647;
			files = (
				B85335171E162BDB00F7A4DF /* LaunchScreen.storyboard in Resources */,
				B85335141E162BDB00F7A4DF /* Assets.xcassets in Resources */,
				B85335121E162BDB00F7A4DF /* Main.storyboard in Resources */,
			);
			runOnlyForDeploymentPostprocessing = 0;
		};
/* End PBXResourcesBuildPhase section */

/* Begin PBXShellScriptBuildPhase section */
		4B779AB4185CC566739BE0A1 /* [CP] Check Pods Manifest.lock */ = {
			isa = PBXShellScriptBuildPhase;
			buildActionMask = 2147483647;
			files = (
			);
			inputPaths = (
			);
			name = "[CP] Check Pods Manifest.lock";
			outputPaths = (
			);
			runOnlyForDeploymentPostprocessing = 0;
			shellPath = /bin/sh;
			shellScript = "diff \"${PODS_ROOT}/../Podfile.lock\" \"${PODS_ROOT}/Manifest.lock\" > /dev/null\nif [ $? != 0 ] ; then\n    # print error to STDERR\n    echo \"error: The sandbox is not in sync with the Podfile.lock. Run 'pod install' or update your CocoaPods installation.\" >&2\n    exit 1\nfi\n";
			showEnvVarsInLog = 0;
		};
		991789B00AB0A07B86919556 /* [CP] Embed Pods Frameworks */ = {
			isa = PBXShellScriptBuildPhase;
			buildActionMask = 2147483647;
			files = (
			);
			inputPaths = (
			);
			name = "[CP] Embed Pods Frameworks";
			outputPaths = (
			);
			runOnlyForDeploymentPostprocessing = 0;
			shellPath = /bin/sh;
			shellScript = "\"${SRCROOT}/Pods/Target Support Files/Pods-A/Pods-A-frameworks.sh\"\n";
			showEnvVarsInLog = 0;
		};
		F7C23FD4ED9DF4F43D267D64 /* [CP] Copy Pods Resources */ = {
			isa = PBXShellScriptBuildPhase;
			buildActionMask = 2147483647;
			files = (
			);
			inputPaths = (
			);
			name = "[CP] Copy Pods Resources";
			outputPaths = (
			);
			runOnlyForDeploymentPostprocessing = 0;
			shellPath = /bin/sh;
			shellScript = "\"${SRCROOT}/Pods/Target Support Files/Pods-A/Pods-A-resources.sh\"\n";
			showEnvVarsInLog = 0;
		};
/* End PBXShellScriptBuildPhase section */

/* Begin PBXSourcesBuildPhase section */
		B85335001E162BDA00F7A4DF /* Sources */ = {
			isa = PBXSourcesBuildPhase;
			buildActionMask = 2147483647;
			files = (
				B85335481E1642BE00F7A4DF /* AViewController.m in Sources */,
				B853350F1E162BDB00F7A4DF /* ViewController.m in Sources */,
				B853354D1E16434B00F7A4DF /* Target_A.m in Sources */,
				B853350C1E162BDB00F7A4DF /* AppDelegate.m in Sources */,
				B85335091E162BDB00F7A4DF /* main.m in Sources */,
			);
			runOnlyForDeploymentPostprocessing = 0;
		};
/* End PBXSourcesBuildPhase section */

/* Begin PBXVariantGroup section */
		B85335101E162BDB00F7A4DF /* Main.storyboard */ = {
			isa = PBXVariantGroup;
			children = (
				B85335111E162BDB00F7A4DF /* Base */,
			);
			name = Main.storyboard;
			sourceTree = "<group>";
		};
		B85335151E162BDB00F7A4DF /* LaunchScreen.storyboard */ = {
			isa = PBXVariantGroup;
			children = (
				B85335161E162BDB00F7A4DF /* Base */,
			);
			name = LaunchScreen.storyboard;
			sourceTree = "<group>";
		};
/* End PBXVariantGroup section */

/* Begin XCBuildConfiguration section */
		B85335191E162BDB00F7A4DF /* Debug */ = {
			isa = XCBuildConfiguration;
			buildSettings = {
				ALWAYS_SEARCH_USER_PATHS = NO;
				CLANG_ANALYZER_NONNULL = YES;
				CLANG_CXX_LANGUAGE_STANDARD = "gnu++0x";
				CLANG_CXX_LIBRARY = "libc++";
				CLANG_ENABLE_MODULES = YES;
				CLANG_ENABLE_OBJC_ARC = YES;
				CLANG_WARN_BOOL_CONVERSION = YES;
				CLANG_WARN_CONSTANT_CONVERSION = YES;
				CLANG_WARN_DIRECT_OBJC_ISA_USAGE = YES_ERROR;
				CLANG_WARN_DOCUMENTATION_COMMENTS = YES;
				CLANG_WARN_EMPTY_BODY = YES;
				CLANG_WARN_ENUM_CONVERSION = YES;
				CLANG_WARN_INFINITE_RECURSION = YES;
				CLANG_WARN_INT_CONVERSION = YES;
				CLANG_WARN_OBJC_ROOT_CLASS = YES_ERROR;
				CLANG_WARN_SUSPICIOUS_MOVES = YES;
				CLANG_WARN_UNREACHABLE_CODE = YES;
				CLANG_WARN__DUPLICATE_METHOD_MATCH = YES;
				"CODE_SIGN_IDENTITY[sdk=iphoneos*]" = "iPhone Developer";
				COPY_PHASE_STRIP = NO;
				DEBUG_INFORMATION_FORMAT = dwarf;
				ENABLE_STRICT_OBJC_MSGSEND = YES;
				ENABLE_TESTABILITY = YES;
				GCC_C_LANGUAGE_STANDARD = gnu99;
				GCC_DYNAMIC_NO_PIC = NO;
				GCC_NO_COMMON_BLOCKS = YES;
				GCC_OPTIMIZATION_LEVEL = 0;
				GCC_PREPROCESSOR_DEFINITIONS = (
					"DEBUG=1",
					"$(inherited)",
				);
				GCC_WARN_64_TO_32_BIT_CONVERSION = YES;
				GCC_WARN_ABOUT_RETURN_TYPE = YES_ERROR;
				GCC_WARN_UNDECLARED_SELECTOR = YES;
				GCC_WARN_UNINITIALIZED_AUTOS = YES_AGGRESSIVE;
				GCC_WARN_UNUSED_FUNCTION = YES;
				GCC_WARN_UNUSED_VARIABLE = YES;
				IPHONEOS_DEPLOYMENT_TARGET = 10.1;
				MTL_ENABLE_DEBUG_INFO = YES;
				ONLY_ACTIVE_ARCH = YES;
				SDKROOT = iphoneos;
			};
			name = Debug;
		};
		B853351A1E162BDB00F7A4DF /* Release */ = {
			isa = XCBuildConfiguration;
			buildSettings = {
				ALWAYS_SEARCH_USER_PATHS = NO;
				CLANG_ANALYZER_NONNULL = YES;
				CLANG_CXX_LANGUAGE_STANDARD = "gnu++0x";
				CLANG_CXX_LIBRARY = "libc++";
				CLANG_ENABLE_MODULES = YES;
				CLANG_ENABLE_OBJC_ARC = YES;
				CLANG_WARN_BOOL_CONVERSION = YES;
				CLANG_WARN_CONSTANT_CONVERSION = YES;
				CLANG_WARN_DIRECT_OBJC_ISA_USAGE = YES_ERROR;
				CLANG_WARN_DOCUMENTATION_COMMENTS = YES;
				CLANG_WARN_EMPTY_BODY = YES;
				CLANG_WARN_ENUM_CONVERSION = YES;
				CLANG_WARN_INFINITE_RECURSION = YES;
				CLANG_WARN_INT_CONVERSION = YES;
				CLANG_WARN_OBJC_ROOT_CLASS = YES_ERROR;
				CLANG_WARN_SUSPICIOUS_MOVES = YES;
				CLANG_WARN_UNREACHABLE_CODE = YES;
				CLANG_WARN__DUPLICATE_METHOD_MATCH = YES;
				"CODE_SIGN_IDENTITY[sdk=iphoneos*]" = "iPhone Developer";
				COPY_PHASE_STRIP = NO;
				DEBUG_INFORMATION_FORMAT = "dwarf-with-dsym";
				ENABLE_NS_ASSERTIONS = NO;
				ENABLE_STRICT_OBJC_MSGSEND = YES;
				GCC_C_LANGUAGE_STANDARD = gnu99;
				GCC_NO_COMMON_BLOCKS = YES;
				GCC_WARN_64_TO_32_BIT_CONVERSION = YES;
				GCC_WARN_ABOUT_RETURN_TYPE = YES_ERROR;
				GCC_WARN_UNDECLARED_SELECTOR = YES;
				GCC_WARN_UNINITIALIZED_AUTOS = YES_AGGRESSIVE;
				GCC_WARN_UNUSED_FUNCTION = YES;
				GCC_WARN_UNUSED_VARIABLE = YES;
				IPHONEOS_DEPLOYMENT_TARGET = 10.1;
				MTL_ENABLE_DEBUG_INFO = NO;
				SDKROOT = iphoneos;
				VALIDATE_PRODUCT = YES;
			};
			name = Release;
		};
		B853351C1E162BDB00F7A4DF /* Debug */ = {
			isa = XCBuildConfiguration;
			baseConfigurationReference = 6C09DF65EF42BCB686F6C3E9 /* Pods-A.debug.xcconfig */;
			buildSettings = {
				ASSETCATALOG_COMPILER_APPICON_NAME = AppIcon;
				DEVELOPMENT_TEAM = P3X9QBJTC2;
				INFOPLIST_FILE = A/Info.plist;
				IPHONEOS_DEPLOYMENT_TARGET = 8.0;
				LD_RUNPATH_SEARCH_PATHS = "$(inherited) @executable_path/Frameworks";
				PRODUCT_BUNDLE_IDENTIFIER = cn.Tacit.com.A;
				PRODUCT_NAME = "$(TARGET_NAME)";
			};
			name = Debug;
		};
		B853351D1E162BDB00F7A4DF /* Release */ = {
			isa = XCBuildConfiguration;
			baseConfigurationReference = FB815BF8FCC27140703CF587 /* Pods-A.release.xcconfig */;
			buildSettings = {
				ASSETCATALOG_COMPILER_APPICON_NAME = AppIcon;
				DEVELOPMENT_TEAM = P3X9QBJTC2;
				INFOPLIST_FILE = A/Info.plist;
				IPHONEOS_DEPLOYMENT_TARGET = 8.0;
				LD_RUNPATH_SEARCH_PATHS = "$(inherited) @executable_path/Frameworks";
				PRODUCT_BUNDLE_IDENTIFIER = cn.Tacit.com.A;
				PRODUCT_NAME = "$(TARGET_NAME)";
			};
			name = Release;
		};
/* End XCBuildConfiguration section */

/* Begin XCConfigurationList section */
		B85334FF1E162BDA00F7A4DF /* Build configuration list for PBXProject "A" */ = {
			isa = XCConfigurationList;
			buildConfigurations = (
				B85335191E162BDB00F7A4DF /* Debug */,
				B853351A1E162BDB00F7A4DF /* Release */,
			);
			defaultConfigurationIsVisible = 0;
			defaultConfigurationName = Release;
		};
		B853351B1E162BDB00F7A4DF /* Build configuration list for PBXNativeTarget "A" */ = {
			isa = XCConfigurationList;
			buildConfigurations = (
				B853351C1E162BDB00F7A4DF /* Debug */,
				B853351D1E162BDB00F7A4DF /* Release */,
			);
			defaultConfigurationIsVisible = 0;
			defaultConfigurationName = Release;
		};
/* End XCConfigurationList section */
	};
	rootObject = B85334FC1E162BDA00F7A4DF /* Project object */;
}
